
Microsoft Visual Studio Solution File, Format Version 12.00
# Visual Studio Version 16
VisualStudioVersion = 16.0.31402.337
MinimumVisualStudioVersion = 10.0.40219.1
Project("{FAE04EC0-301F-11D3-BF4B-00C04F79EFBC}") = "MvcMovie", "MvcMovie.csproj", "{F5C3DE97-BBBB-4770-95BB-CCE42BDA341F}"
EndProject
Global
	GlobalSection(SolutionConfigurationPlatforms) = preSolution
		Debug|Any CPU = Debug|Any CPU
		Release|Any CPU = Release|Any CPU
	EndGlobalSection
	GlobalSection(ProjectConfigurationPlatforms) = postSolution
		{F5C3DE97-BBBB-4770-95BB-CCE42BDA341F}.Debug|Any CPU.ActiveCfg = Debug|Any CPU
		{F5C3DE97-BBBB-4770-95BB-CCE42BDA341F}.Debug|Any CPU.Build.0 = Debug|Any CPU
		{F5C3DE97-BBBB-4770-95BB-CCE42BDA341F}.Release|Any CPU.ActiveCfg = Release|Any CPU
		{F5C3DE97-BBBB-4770-95BB-CCE42BDA341F}.Release|Any CPU.Build.0 = Release|Any CPU
	EndGlobalSection
	GlobalSection(SolutionProperties) = preSolution
		HideSolutionNode = FALSE
	EndGlobalSection
	GlobalSection(ExtensibilityGlobals) = postSolution
		SolutionGuid = {8924EB56-29B3-4B1C-85DE-741499859107}
	EndGlobalSection
EndGlobal
